// !$*UTF8*$!
{
	archiveVersion = 1;
	classes = {
	};
	objectVersion = 56;
	objects = {

/* Begin PBXBuildFile section */
		00BEF65C295866C30025FA85 /* AfricaApp.swift in Sources */ = {isa = PBXBuildFile; fileRef = 00BEF65B295866C30025FA85 /* AfricaApp.swift */; };
		00BEF65E295866C30025FA85 /* ContentView.swift in Sources */ = {isa = PBXBuildFile; fileRef = 00BEF65D295866C30025FA85 /* ContentView.swift */; };
		00BEF660295866C50025FA85 /* Assets.xcassets in Resources */ = {isa = PBXBuildFile; fileRef = 00BEF65F295866C50025FA85 /* Assets.xcassets */; };
		00BEF663295866C50025FA85 /* Preview Assets.xcassets in Resources */ = {isa = PBXBuildFile; fileRef = 00BEF662295866C50025FA85 /* Preview Assets.xcassets */; };
		00BEF679295869A90025FA85 /* locations.json in Resources */ = {isa = PBXBuildFile; fileRef = 00BEF675295869A90025FA85 /* locations.json */; };
		00BEF67A295869A90025FA85 /* animals.json in Resources */ = {isa = PBXBuildFile; fileRef = 00BEF676295869A90025FA85 /* animals.json */; };
		00BEF67B295869A90025FA85 /* videos.json in Resources */ = {isa = PBXBuildFile; fileRef = 00BEF677295869A90025FA85 /* videos.json */; };
		00BEF67C295869A90025FA85 /* covers.json in Resources */ = {isa = PBXBuildFile; fileRef = 00BEF678295869A90025FA85 /* covers.json */; };
		00BEF68129586BDE0025FA85 /* VideoListView.swift in Sources */ = {isa = PBXBuildFile; fileRef = 00BEF68029586BDE0025FA85 /* VideoListView.swift */; };
		00BEF68329586BFD0025FA85 /* MapView.swift in Sources */ = {isa = PBXBuildFile; fileRef = 00BEF68229586BFD0025FA85 /* MapView.swift */; };
		00BEF68529586C0F0025FA85 /* GalleryView.swift in Sources */ = {isa = PBXBuildFile; fileRef = 00BEF68429586C0F0025FA85 /* GalleryView.swift */; };
		00BEF68729586C210025FA85 /* MainView.swift in Sources */ = {isa = PBXBuildFile; fileRef = 00BEF68629586C210025FA85 /* MainView.swift */; };
		00BEF68A29586FA40025FA85 /* CoverImageView.swift in Sources */ = {isa = PBXBuildFile; fileRef = 00BEF68929586FA40025FA85 /* CoverImageView.swift */; };
		00BEF68D2958728D0025FA85 /* CoverImageModel.swift in Sources */ = {isa = PBXBuildFile; fileRef = 00BEF68C2958728D0025FA85 /* CoverImageModel.swift */; };
		00BEF690295873440025FA85 /* CodableBundleExtension.swift in Sources */ = {isa = PBXBuildFile; fileRef = 00BEF68F295873440025FA85 /* CodableBundleExtension.swift */; };
		00BEF69229587AAC0025FA85 /* AnimationListItemView.swift in Sources */ = {isa = PBXBuildFile; fileRef = 00BEF69129587AAC0025FA85 /* AnimationListItemView.swift */; };
		00BEF69429587D6B0025FA85 /* AnimalItemModel.swift in Sources */ = {isa = PBXBuildFile; fileRef = 00BEF69329587D6B0025FA85 /* AnimalItemModel.swift */; };
		00BEF696295880C50025FA85 /* AnimalDetailView.swift in Sources */ = {isa = PBXBuildFile; fileRef = 00BEF695295880C50025FA85 /* AnimalDetailView.swift */; };
/* End PBXBuildFile section */

/* Begin PBXFileReference section */
		00BEF658295866C30025FA85 /* Africa.app */ = {isa = PBXFileReference; explicitFileType = wrapper.application; includeInIndex = 0; path = Africa.app; sourceTree = BUILT_PRODUCTS_DIR; };
		00BEF65B295866C30025FA85 /* AfricaApp.swift */ = {isa = PBXFileReference; lastKnownFileType = sourcecode.swift; path = AfricaApp.swift; sourceTree = "<group>"; };
		00BEF65D295866C30025FA85 /* ContentView.swift */ = {isa = PBXFileReference; lastKnownFileType = sourcecode.swift; path = ContentView.swift; sourceTree = "<group>"; };
		00BEF65F295866C50025FA85 /* Assets.xcassets */ = {isa = PBXFileReference; lastKnownFileType = folder.assetcatalog; path = Assets.xcassets; sourceTree = "<group>"; };
		00BEF662295866C50025FA85 /* Preview Assets.xcassets */ = {isa = PBXFileReference; lastKnownFileType = folder.assetcatalog; path = "Preview Assets.xcassets"; sourceTree = "<group>"; };
		00BEF66A295869480025FA85 /* hippo.mp4 */ = {isa = PBXFileReference; lastKnownFileType = file; path = hippo.mp4; sourceTree = "<group>"; };
		00BEF66B295869480025FA85 /* cheetah.mp4 */ = {isa = PBXFileReference; lastKnownFileType = file; path = cheetah.mp4; sourceTree = "<group>"; };
		00BEF66C295869480025FA85 /* lion.mp4 */ = {isa = PBXFileReference; lastKnownFileType = file; path = lion.mp4; sourceTree = "<group>"; };
		00BEF66D295869480025FA85 /* rhino.mp4 */ = {isa = PBXFileReference; lastKnownFileType = file; path = rhino.mp4; sourceTree = "<group>"; };
		00BEF66E295869480025FA85 /* zebra.mp4 */ = {isa = PBXFileReference; lastKnownFileType = file; path = zebra.mp4; sourceTree = "<group>"; };
		00BEF66F295869480025FA85 /* elephant.mp4 */ = {isa = PBXFileReference; lastKnownFileType = file; path = elephant.mp4; sourceTree = "<group>"; };
		00BEF670295869480025FA85 /* ostrich.mp4 */ = {isa = PBXFileReference; lastKnownFileType = file; path = ostrich.mp4; sourceTree = "<group>"; };
		00BEF671295869480025FA85 /* lioness.mp4 */ = {isa = PBXFileReference; lastKnownFileType = file; path = lioness.mp4; sourceTree = "<group>"; };
		00BEF672295869480025FA85 /* gorilla.mp4 */ = {isa = PBXFileReference; lastKnownFileType = file; path = gorilla.mp4; sourceTree = "<group>"; };
		00BEF673295869480025FA85 /* giraffe.mp4 */ = {isa = PBXFileReference; lastKnownFileType = file; path = giraffe.mp4; sourceTree = "<group>"; };
		00BEF675295869A90025FA85 /* locations.json */ = {isa = PBXFileReference; fileEncoding = 4; lastKnownFileType = text.json; path = locations.json; sourceTree = "<group>"; };
		00BEF676295869A90025FA85 /* animals.json */ = {isa = PBXFileReference; fileEncoding = 4; lastKnownFileType = text.json; path = animals.json; sourceTree = "<group>"; };
		00BEF677295869A90025FA85 /* videos.json */ = {isa = PBXFileReference; fileEncoding = 4; lastKnownFileType = text.json; path = videos.json; sourceTree = "<group>"; };
		00BEF678295869A90025FA85 /* covers.json */ = {isa = PBXFileReference; fileEncoding = 4; lastKnownFileType = text.json; path = covers.json; sourceTree = "<group>"; };
		00BEF67D29586A7F0025FA85 /* Info.plist */ = {isa = PBXFileReference; lastKnownFileType = text.plist; path = Info.plist; sourceTree = "<group>"; };
		00BEF68029586BDE0025FA85 /* VideoListView.swift */ = {isa = PBXFileReference; lastKnownFileType = sourcecode.swift; path = VideoListView.swift; sourceTree = "<group>"; };
		00BEF68229586BFD0025FA85 /* MapView.swift */ = {isa = PBXFileReference; lastKnownFileType = sourcecode.swift; path = MapView.swift; sourceTree = "<group>"; };
		00BEF68429586C0F0025FA85 /* GalleryView.swift */ = {isa = PBXFileReference; lastKnownFileType = sourcecode.swift; path = GalleryView.swift; sourceTree = "<group>"; };
		00BEF68629586C210025FA85 /* MainView.swift */ = {isa = PBXFileReference; lastKnownFileType = sourcecode.swift; path = MainView.swift; sourceTree = "<group>"; };
		00BEF68929586FA40025FA85 /* CoverImageView.swift */ = {isa = PBXFileReference; lastKnownFileType = sourcecode.swift; path = CoverImageView.swift; sourceTree = "<group>"; };
		00BEF68C2958728D0025FA85 /* CoverImageModel.swift */ = {isa = PBXFileReference; lastKnownFileType = sourcecode.swift; path = CoverImageModel.swift; sourceTree = "<group>"; };
		00BEF68F295873440025FA85 /* CodableBundleExtension.swift */ = {isa = PBXFileReference; lastKnownFileType = sourcecode.swift; path = CodableBundleExtension.swift; sourceTree = "<group>"; };
		00BEF69129587AAC0025FA85 /* AnimationListItemView.swift */ = {isa = PBXFileReference; lastKnownFileType = sourcecode.swift; path = AnimationListItemView.swift; sourceTree = "<group>"; };
		00BEF69329587D6B0025FA85 /* AnimalItemModel.swift */ = {isa = PBXFileReference; lastKnownFileType = sourcecode.swift; path = AnimalItemModel.swift; sourceTree = "<group>"; };
		00BEF695295880C50025FA85 /* AnimalDetailView.swift */ = {isa = PBXFileReference; lastKnownFileType = sourcecode.swift; path = AnimalDetailView.swift; sourceTree = "<group>"; };
/* End PBXFileReference section */

/* Begin PBXFrameworksBuildPhase section */
		00BEF655295866C30025FA85 /* Frameworks */ = {
			isa = PBXFrameworksBuildPhase;
			buildActionMask = 2147483647;
			files = (
			);
			runOnlyForDeploymentPostprocessing = 0;
		};
/* End PBXFrameworksBuildPhase section */

/* Begin PBXGroup section */
		00BEF64F295866C30025FA85 = {
			isa = PBXGroup;
			children = (
				00BEF65A295866C30025FA85 /* Africa */,
				00BEF659295866C30025FA85 /* Products */,
			);
			sourceTree = "<group>";
		};
		00BEF659295866C30025FA85 /* Products */ = {
			isa = PBXGroup;
			children = (
				00BEF658295866C30025FA85 /* Africa.app */,
			);
			name = Products;
			sourceTree = "<group>";
		};
		00BEF65A295866C30025FA85 /* Africa */ = {
			isa = PBXGroup;
			children = (
				00BEF68E2958732E0025FA85 /* Extensions */,
				00BEF68B295872790025FA85 /* Model */,
				00BEF67D29586A7F0025FA85 /* Info.plist */,
				00BEF68829586F860025FA85 /* View */,
				00BEF674295869920025FA85 /* Data */,
				00BEF669295868FD0025FA85 /* Video */,
				00BEF67E29586B640025FA85 /* App */,
				00BEF65F295866C50025FA85 /* Assets.xcassets */,
				00BEF661295866C50025FA85 /* Preview Content */,
			);
			path = Africa;
			sourceTree = "<group>";
		};
		00BEF661295866C50025FA85 /* Preview Content */ = {
			isa = PBXGroup;
			children = (
				00BEF662295866C50025FA85 /* Preview Assets.xcassets */,
			);
			path = "Preview Content";
			sourceTree = "<group>";
		};
		00BEF669295868FD0025FA85 /* Video */ = {
			isa = PBXGroup;
			children = (
				00BEF66B295869480025FA85 /* cheetah.mp4 */,
				00BEF66F295869480025FA85 /* elephant.mp4 */,
				00BEF673295869480025FA85 /* giraffe.mp4 */,
				00BEF672295869480025FA85 /* gorilla.mp4 */,
				00BEF66A295869480025FA85 /* hippo.mp4 */,
				00BEF66C295869480025FA85 /* lion.mp4 */,
				00BEF671295869480025FA85 /* lioness.mp4 */,
				00BEF670295869480025FA85 /* ostrich.mp4 */,
				00BEF66D295869480025FA85 /* rhino.mp4 */,
				00BEF66E295869480025FA85 /* zebra.mp4 */,
			);
			path = Video;
			sourceTree = "<group>";
		};
		00BEF674295869920025FA85 /* Data */ = {
			isa = PBXGroup;
			children = (
				00BEF676295869A90025FA85 /* animals.json */,
				00BEF678295869A90025FA85 /* covers.json */,
				00BEF675295869A90025FA85 /* locations.json */,
				00BEF677295869A90025FA85 /* videos.json */,
			);
			path = Data;
			sourceTree = "<group>";
		};
		00BEF67E29586B640025FA85 /* App */ = {
			isa = PBXGroup;
			children = (
				00BEF65B295866C30025FA85 /* AfricaApp.swift */,
				00BEF65D295866C30025FA85 /* ContentView.swift */,
				00BEF68029586BDE0025FA85 /* VideoListView.swift */,
				00BEF68229586BFD0025FA85 /* MapView.swift */,
				00BEF68429586C0F0025FA85 /* GalleryView.swift */,
				00BEF68629586C210025FA85 /* MainView.swift */,
			);
			path = App;
			sourceTree = "<group>";
		};
		00BEF68829586F860025FA85 /* View */ = {
			isa = PBXGroup;
			children = (
				00BEF68929586FA40025FA85 /* CoverImageView.swift */,
				00BEF69129587AAC0025FA85 /* AnimationListItemView.swift */,
				00BEF695295880C50025FA85 /* AnimalDetailView.swift */,
			);
			path = View;
			sourceTree = "<group>";
		};
		00BEF68B295872790025FA85 /* Model */ = {
			isa = PBXGroup;
			children = (
				00BEF68C2958728D0025FA85 /* CoverImageModel.swift */,
				00BEF69329587D6B0025FA85 /* AnimalItemModel.swift */,
			);
			path = Model;
			sourceTree = "<group>";
		};
		00BEF68E2958732E0025FA85 /* Extensions */ = {
			isa = PBXGroup;
			children = (
				00BEF68F295873440025FA85 /* CodableBundleExtension.swift */,
			);
			path = Extensions;
			sourceTree = "<group>";
		};
/* End PBXGroup section */

/* Begin PBXNativeTarget section */
		00BEF657295866C30025FA85 /* Africa */ = {
			isa = PBXNativeTarget;
			buildConfigurationList = 00BEF666295866C50025FA85 /* Build configuration list for PBXNativeTarget "Africa" */;
			buildPhases = (
				00BEF654295866C30025FA85 /* Sources */,
				00BEF655295866C30025FA85 /* Frameworks */,
				00BEF656295866C30025FA85 /* Resources */,
			);
			buildRules = (
			);
			dependencies = (
			);
			name = Africa;
			productName = Africa;
			productReference = 00BEF658295866C30025FA85 /* Africa.app */;
			productType = "com.apple.product-type.application";
		};
/* End PBXNativeTarget section */

/* Begin PBXProject section */
		00BEF650295866C30025FA85 /* Project object */ = {
			isa = PBXProject;
			attributes = {
				BuildIndependentTargetsInParallel = 1;
				LastSwiftUpdateCheck = 1410;
				LastUpgradeCheck = 1410;
				TargetAttributes = {
					00BEF657295866C30025FA85 = {
						CreatedOnToolsVersion = 14.1;
					};
				};
			};
			buildConfigurationList = 00BEF653295866C30025FA85 /* Build configuration list for PBXProject "Africa" */;
			compatibilityVersion = "Xcode 14.0";
			developmentRegion = en;
			hasScannedForEncodings = 0;
			knownRegions = (
				en,
				Base,
			);
			mainGroup = 00BEF64F295866C30025FA85;
			productRefGroup = 00BEF659295866C30025FA85 /* Products */;
			projectDirPath = "";
			projectRoot = "";
			targets = (
				00BEF657295866C30025FA85 /* Africa */,
			);
		};
/* End PBXProject section */

/* Begin PBXResourcesBuildPhase section */
		00BEF656295866C30025FA85 /* Resources */ = {
			isa = PBXResourcesBuildPhase;
			buildActionMask = 2147483647;
			files = (
				00BEF663295866C50025FA85 /* Preview Assets.xcassets in Resources */,
				00BEF67C295869A90025FA85 /* covers.json in Resources */,
				00BEF67A295869A90025FA85 /* animals.json in Resources */,
				00BEF67B295869A90025FA85 /* videos.json in Resources */,
				00BEF679295869A90025FA85 /* locations.json in Resources */,
				00BEF660295866C50025FA85 /* Assets.xcassets in Resources */,
			);
			runOnlyForDeploymentPostprocessing = 0;
		};
/* End PBXResourcesBuildPhase section */

/* Begin PBXSourcesBuildPhase section */
		00BEF654295866C30025FA85 /* Sources */ = {
			isa = PBXSourcesBuildPhase;
			buildActionMask = 2147483647;
			files = (
				00BEF65E295866C30025FA85 /* ContentView.swift in Sources */,
				00BEF68729586C210025FA85 /* MainView.swift in Sources */,
				00BEF68A29586FA40025FA85 /* CoverImageView.swift in Sources */,
				00BEF68D2958728D0025FA85 /* CoverImageModel.swift in Sources */,
				00BEF68329586BFD0025FA85 /* MapView.swift in Sources */,
				00BEF696295880C50025FA85 /* AnimalDetailView.swift in Sources */,
				00BEF69429587D6B0025FA85 /* AnimalItemModel.swift in Sources */,
				00BEF65C295866C30025FA85 /* AfricaApp.swift in Sources */,
				00BEF68129586BDE0025FA85 /* VideoListView.swift in Sources */,
				00BEF68529586C0F0025FA85 /* GalleryView.swift in Sources */,
				00BEF69229587AAC0025FA85 /* AnimationListItemView.swift in Sources */,
				00BEF690295873440025FA85 /* CodableBundleExtension.swift in Sources */,
			);
			runOnlyForDeploymentPostprocessing = 0;
		};
/* End PBXSourcesBuildPhase section */

/* Begin XCBuildConfiguration section */
		00BEF664295866C50025FA85 /* Debug */ = {
			isa = XCBuildConfiguration;
			buildSettings = {
				ALWAYS_SEARCH_USER_PATHS = NO;
				CLANG_ANALYZER_NONNULL = YES;
				CLANG_ANALYZER_NUMBER_OBJECT_CONVERSION = YES_AGGRESSIVE;
				CLANG_CXX_LANGUAGE_STANDARD = "gnu++20";
				CLANG_ENABLE_MODULES = YES;
				CLANG_ENABLE_OBJC_ARC = YES;
				CLANG_ENABLE_OBJC_WEAK = YES;
				CLANG_WARN_BLOCK_CAPTURE_AUTORELEASING = YES;
				CLANG_WARN_BOOL_CONVERSION = YES;
				CLANG_WARN_COMMA = YES;
				CLANG_WARN_CONSTANT_CONVERSION = YES;
				CLANG_WARN_DEPRECATED_OBJC_IMPLEMENTATIONS = YES;
				CLANG_WARN_DIRECT_OBJC_ISA_USAGE = YES_ERROR;
				CLANG_WARN_DOCUMENTATION_COMMENTS = YES;
				CLANG_WARN_EMPTY_BODY = YES;
				CLANG_WARN_ENUM_CONVERSION = YES;
				CLANG_WARN_INFINITE_RECURSION = YES;
				CLANG_WARN_INT_CONVERSION = YES;
				CLANG_WARN_NON_LITERAL_NULL_CONVERSION = YES;
				CLANG_WARN_OBJC_IMPLICIT_RETAIN_SELF = YES;
				CLANG_WARN_OBJC_LITERAL_CONVERSION = YES;
				CLANG_WARN_OBJC_ROOT_CLASS = YES_ERROR;
				CLANG_WARN_QUOTED_INCLUDE_IN_FRAMEWORK_HEADER = YES;
				CLANG_WARN_RANGE_LOOP_ANALYSIS = YES;
				CLANG_WARN_STRICT_PROTOTYPES = YES;
				CLANG_WARN_SUSPICIOUS_MOVE = YES;
				CLANG_WARN_UNGUARDED_AVAILABILITY = YES_AGGRESSIVE;
				CLANG_WARN_UNREACHABLE_CODE = YES;
				CLANG_WARN__DUPLICATE_METHOD_MATCH = YES;
				COPY_PHASE_STRIP = NO;
				DEBUG_INFORMATION_FORMAT = dwarf;
				ENABLE_STRICT_OBJC_MSGSEND = YES;
				ENABLE_TESTABILITY = YES;
				GCC_C_LANGUAGE_STANDARD = gnu11;
				GCC_DYNAMIC_NO_PIC = NO;
				GCC_NO_COMMON_BLOCKS = YES;
				GCC_OPTIMIZATION_LEVEL = 0;
				GCC_PREPROCESSOR_DEFINITIONS = (
					"DEBUG=1",
					"$(inherited)",
				);
				GCC_WARN_64_TO_32_BIT_CONVERSION = YES;
				GCC_WARN_ABOUT_RETURN_TYPE = YES_ERROR;
				GCC_WARN_UNDECLARED_SELECTOR = YES;
				GCC_WARN_UNINITIALIZED_AUTOS = YES_AGGRESSIVE;
				GCC_WARN_UNUSED_FUNCTION = YES;
				GCC_WARN_UNUSED_VARIABLE = YES;
				IPHONEOS_DEPLOYMENT_TARGET = 16.1;
				MTL_ENABLE_DEBUG_INFO = INCLUDE_SOURCE;
				MTL_FAST_MATH = YES;
				ONLY_ACTIVE_ARCH = YES;
				SDKROOT = iphoneos;
				SWIFT_ACTIVE_COMPILATION_CONDITIONS = DEBUG;
				SWIFT_OPTIMIZATION_LEVEL = "-Onone";
			};
			name = Debug;
		};
		00BEF665295866C50025FA85 /* Release */ = {
			isa = XCBuildConfiguration;
			buildSettings = {
				ALWAYS_SEARCH_USER_PATHS = NO;
				CLANG_ANALYZER_NONNULL = YES;
				CLANG_ANALYZER_NUMBER_OBJECT_CONVERSION = YES_AGGRESSIVE;
				CLANG_CXX_LANGUAGE_STANDARD = "gnu++20";
				CLANG_ENABLE_MODULES = YES;
				CLANG_ENABLE_OBJC_ARC = YES;
				CLANG_ENABLE_OBJC_WEAK = YES;
				CLANG_WARN_BLOCK_CAPTURE_AUTORELEASING = YES;
				CLANG_WARN_BOOL_CONVERSION = YES;
				CLANG_WARN_COMMA = YES;
				CLANG_WARN_CONSTANT_CONVERSION = YES;
				CLANG_WARN_DEPRECATED_OBJC_IMPLEMENTATIONS = YES;
				CLANG_WARN_DIRECT_OBJC_ISA_USAGE = YES_ERROR;
				CLANG_WARN_DOCUMENTATION_COMMENTS = YES;
				CLANG_WARN_EMPTY_BODY = YES;
				CLANG_WARN_ENUM_CONVERSION = YES;
				CLANG_WARN_INFINITE_RECURSION = YES;
				CLANG_WARN_INT_CONVERSION = YES;
				CLANG_WARN_NON_LITERAL_NULL_CONVERSION = YES;
				CLANG_WARN_OBJC_IMPLICIT_RETAIN_SELF = YES;
				CLANG_WARN_OBJC_LITERAL_CONVERSION = YES;
				CLANG_WARN_OBJC_ROOT_CLASS = YES_ERROR;
				CLANG_WARN_QUOTED_INCLUDE_IN_FRAMEWORK_HEADER = YES;
				CLANG_WARN_RANGE_LOOP_ANALYSIS = YES;
				CLANG_WARN_STRICT_PROTOTYPES = YES;
				CLANG_WARN_SUSPICIOUS_MOVE = YES;
				CLANG_WARN_UNGUARDED_AVAILABILITY = YES_AGGRESSIVE;
				CLANG_WARN_UNREACHABLE_CODE = YES;
				CLANG_WARN__DUPLICATE_METHOD_MATCH = YES;
				COPY_PHASE_STRIP = NO;
				DEBUG_INFORMATION_FORMAT = "dwarf-with-dsym";
				ENABLE_NS_ASSERTIONS = NO;
				ENABLE_STRICT_OBJC_MSGSEND = YES;
				GCC_C_LANGUAGE_STANDARD = gnu11;
				GCC_NO_COMMON_BLOCKS = YES;
				GCC_WARN_64_TO_32_BIT_CONVERSION = YES;
				GCC_WARN_ABOUT_RETURN_TYPE = YES_ERROR;
				GCC_WARN_UNDECLARED_SELECTOR = YES;
				GCC_WARN_UNINITIALIZED_AUTOS = YES_AGGRESSIVE;
				GCC_WARN_UNUSED_FUNCTION = YES;
				GCC_WARN_UNUSED_VARIABLE = YES;
				IPHONEOS_DEPLOYMENT_TARGET = 16.1;
				MTL_ENABLE_DEBUG_INFO = NO;
				MTL_FAST_MATH = YES;
				SDKROOT = iphoneos;
				SWIFT_COMPILATION_MODE = wholemodule;
				SWIFT_OPTIMIZATION_LEVEL = "-O";
				VALIDATE_PRODUCT = YES;
			};
			name = Release;
		};
		00BEF667295866C50025FA85 /* Debug */ = {
			isa = XCBuildConfiguration;
			buildSettings = {
				ASSETCATALOG_COMPILER_APPICON_NAME = AppIcon;
				ASSETCATALOG_COMPILER_GLOBAL_ACCENT_COLOR_NAME = AccentColor;
				CODE_SIGN_STYLE = Automatic;
				CURRENT_PROJECT_VERSION = 1;
				DEVELOPMENT_ASSET_PATHS = "\"Africa/Preview Content\"";
				DEVELOPMENT_TEAM = WAN2AM7795;
				ENABLE_PREVIEWS = YES;
				GENERATE_INFOPLIST_FILE = YES;
				INFOPLIST_FILE = Africa/Info.plist;
				INFOPLIST_KEY_UIApplicationSceneManifest_Generation = YES;
				INFOPLIST_KEY_UIApplicationSupportsIndirectInputEvents = YES;
				INFOPLIST_KEY_UISupportedInterfaceOrientations_iPad = "UIInterfaceOrientationPortrait UIInterfaceOrientationPortraitUpsideDown UIInterfaceOrientationLandscapeLeft UIInterfaceOrientationLandscapeRight";
				INFOPLIST_KEY_UISupportedInterfaceOrientations_iPhone = "UIInterfaceOrientationPortrait UIInterfaceOrientationLandscapeLeft UIInterfaceOrientationLandscapeRight";
				INFOPLIST_KEY_UIUserInterfaceStyle = Dark;
				LD_RUNPATH_SEARCH_PATHS = (
					"$(inherited)",
					"@executable_path/Frameworks",
				);
				MARKETING_VERSION = 1.0;
				PRODUCT_BUNDLE_IDENTIFIER = in.ashwani.Africa;
				PRODUCT_NAME = "$(TARGET_NAME)";
				SWIFT_EMIT_LOC_STRINGS = YES;
				SWIFT_VERSION = 5.0;
				TARGETED_DEVICE_FAMILY = "1,2";
			};
			name = Debug;
		};
		00BEF668295866C50025FA85 /* Release */ = {
			isa = XCBuildConfiguration;
			buildSettings = {
				ASSETCATALOG_COMPILER_APPICON_NAME = AppIcon;
				ASSETCATALOG_COMPILER_GLOBAL_ACCENT_COLOR_NAME = AccentColor;
				CODE_SIGN_STYLE = Automatic;
				CURRENT_PROJECT_VERSION = 1;
				DEVELOPMENT_ASSET_PATHS = "\"Africa/Preview Content\"";
				DEVELOPMENT_TEAM = WAN2AM7795;
				ENABLE_PREVIEWS = YES;
				GENERATE_INFOPLIST_FILE = YES;
				INFOPLIST_FILE = Africa/Info.plist;
				INFOPLIST_KEY_UIApplicationSceneManifest_Generation = YES;
				INFOPLIST_KEY_UIApplicationSupportsIndirectInputEvents = YES;
				INFOPLIST_KEY_UISupportedInterfaceOrientations_iPad = "UIInterfaceOrientationPortrait UIInterfaceOrientationPortraitUpsideDown UIInterfaceOrientationLandscapeLeft UIInterfaceOrientationLandscapeRight";
				INFOPLIST_KEY_UISupportedInterfaceOrientations_iPhone = "UIInterfaceOrientationPortrait UIInterfaceOrientationLandscapeLeft UIInterfaceOrientationLandscapeRight";
				INFOPLIST_KEY_UIUserInterfaceStyle = Dark;
				LD_RUNPATH_SEARCH_PATHS = (
					"$(inherited)",
					"@executable_path/Frameworks",
				);
				MARKETING_VERSION = 1.0;
				PRODUCT_BUNDLE_IDENTIFIER = in.ashwani.Africa;
				PRODUCT_NAME = "$(TARGET_NAME)";
				SWIFT_EMIT_LOC_STRINGS = YES;
				SWIFT_VERSION = 5.0;
				TARGETED_DEVICE_FAMILY = "1,2";
			};
			name = Release;
		};
/* End XCBuildConfiguration section */

/* Begin XCConfigurationList section */
		00BEF653295866C30025FA85 /* Build configuration list for PBXProject "Africa" */ = {
			isa = XCConfigurationList;
			buildConfigurations = (
				00BEF664295866C50025FA85 /* Debug */,
				00BEF665295866C50025FA85 /* Release */,
			);
			defaultConfigurationIsVisible = 0;
			defaultConfigurationName = Release;
		};
		00BEF666295866C50025FA85 /* Build configuration list for PBXNativeTarget "Africa" */ = {
			isa = XCConfigurationList;
			buildConfigurations = (
				00BEF667295866C50025FA85 /* Debug */,
				00BEF668295866C50025FA85 /* Release */,
			);
			defaultConfigurationIsVisible = 0;
			defaultConfigurationName = Release;
		};
/* End XCConfigurationList section */
	};
	rootObject = 00BEF650295866C30025FA85 /* Project object */;
}
